# THIS IS AN AUTOGENERATED FILE. DO NOT EDIT THIS FILE DIRECTLY.
# yarn lockfile v1


"@composer-asset/maileryio--mailery-activity-log@file:./vendor/foxy/composer-asset/maileryio/mailery-activity-log":
  version "1.0.0"

"@composer-asset/maileryio--mailery-brand@file:./vendor/foxy/composer-asset/maileryio/mailery-brand":
  version "1.0.0"
  dependencies:
    "@maileryio/mailery-brand-assets" "git+ssh://git@github.com/maileryio/mailery-brand-assets.git#master"

"@composer-asset/maileryio--mailery-campaign-standard@file:./vendor/foxy/composer-asset/maileryio/mailery-campaign-standard":
  version "1.0.0"

"@composer-asset/maileryio--mailery-campaign@file:./vendor/foxy/composer-asset/maileryio/mailery-campaign":
  version "1.0.0"

"@composer-asset/maileryio--mailery-channel-email-amazon-ses@file:./vendor/foxy/composer-asset/maileryio/mailery-channel-email-amazon-ses":
  version "1.0.0"

"@composer-asset/maileryio--mailery-channel-email@file:./vendor/foxy/composer-asset/maileryio/mailery-channel-email":
  version "1.0.0"

"@composer-asset/maileryio--mailery-channel@file:./vendor/foxy/composer-asset/maileryio/mailery-channel":
  version "1.0.0"

"@composer-asset/maileryio--mailery-dashboard@file:./vendor/foxy/composer-asset/maileryio/mailery-dashboard":
  version "1.0.0"

"@composer-asset/maileryio--mailery-icon-material@file:./vendor/foxy/composer-asset/maileryio/mailery-icon-material":
  version "1.0.0"

"@composer-asset/maileryio--mailery-icon@file:./vendor/foxy/composer-asset/maileryio/mailery-icon":
  version "1.0.0"

"@composer-asset/maileryio--mailery-menu-navbar@file:./vendor/foxy/composer-asset/maileryio/mailery-menu-navbar":
  version "1.0.0"

"@composer-asset/maileryio--mailery-menu-sidebar@file:./vendor/foxy/composer-asset/maileryio/mailery-menu-sidebar":
  version "1.0.0"

"@composer-asset/maileryio--mailery-menu@file:./vendor/foxy/composer-asset/maileryio/mailery-menu":
  version "1.0.0"

"@composer-asset/maileryio--mailery-queue@file:./vendor/foxy/composer-asset/maileryio/mailery-queue":
  version "1.0.0"

"@composer-asset/maileryio--mailery-rbac@file:./vendor/foxy/composer-asset/maileryio/mailery-rbac":
  version "1.0.0"
  dependencies:
    "@maileryio/mailery-rbac-assets" "git+ssh://git@github.com/maileryio/mailery-rbac-assets.git#master"

"@composer-asset/maileryio--mailery-sender-domain@file:./vendor/foxy/composer-asset/maileryio/mailery-sender-domain":
  version "1.0.0"

"@composer-asset/maileryio--mailery-sender-email@file:./vendor/foxy/composer-asset/maileryio/mailery-sender-email":
  version "1.0.0"

"@composer-asset/maileryio--mailery-sender@file:./vendor/foxy/composer-asset/maileryio/mailery-sender":
  version "1.0.0"

"@composer-asset/maileryio--mailery-setting@file:./vendor/foxy/composer-asset/maileryio/mailery-setting":
  version "1.0.0"

"@composer-asset/maileryio--mailery-storage@file:./vendor/foxy/composer-asset/maileryio/mailery-storage":
  version "1.0.0"

"@composer-asset/maileryio--mailery-subscriber@file:./vendor/foxy/composer-asset/maileryio/mailery-subscriber":
  version "1.0.0"
  dependencies:
    "@maileryio/mailery-subscriber-assets" "git+ssh://git@github.com/maileryio/mailery-subscriber-assets.git#master"

"@composer-asset/maileryio--mailery-template-email-ckeditor@file:./vendor/foxy/composer-asset/maileryio/mailery-template-email-ckeditor":
  version "1.0.0"
  dependencies:
    "@maileryio/mailery-template-email-ckeditor-assets" "git+ssh://git@github.com/maileryio/mailery-template-email-ckeditor-assets.git#master"

"@composer-asset/maileryio--mailery-template-email@file:./vendor/foxy/composer-asset/maileryio/mailery-template-email":
  version "1.0.0"

"@composer-asset/maileryio--mailery-template@file:./vendor/foxy/composer-asset/maileryio/mailery-template":
  version "1.0.0"

"@composer-asset/maileryio--mailery-user@file:./vendor/foxy/composer-asset/maileryio/mailery-user":
  version "1.0.0"

"@composer-asset/maileryio--mailery-web@file:./vendor/foxy/composer-asset/maileryio/mailery-web":
  version "1.0.0"
  dependencies:
    "@maileryio/mailery-assets" "git+ssh://git@github.com/maileryio/mailery-assets.git#master"

"@composer-asset/maileryio--widget-dataview@file:./vendor/foxy/composer-asset/maileryio/widget-dataview":
  version "1.0.0"

"@composer-asset/maileryio--widget-link@file:./vendor/foxy/composer-asset/maileryio/widget-link":
  version "1.0.0"
  dependencies:
    "@maileryio/widget-link-assets" "git+ssh://git@github.com/maileryio/widget-link-assets.git#master"

"@composer-asset/maileryio--widget-search@file:./vendor/foxy/composer-asset/maileryio/widget-search":
  version "1.0.0"
  dependencies:
    "@maileryio/widget-search-assets" "git+ssh://git@github.com/maileryio/widget-search-assets.git#master"

"@maileryio/mailery-assets@git+ssh://git@github.com/maileryio/mailery-assets.git#master":
  version "1.0.2"
  resolved "git+ssh://git@github.com/maileryio/mailery-assets.git#1453d9c97014ca3c870f99fa54058d0908d1eaf6"
  dependencies:
    bootstrap-vue "^2.21.2"
    vue "^2.6.11"
    vuex "^3.1.2"

"@maileryio/mailery-brand-assets@git+ssh://git@github.com/maileryio/mailery-brand-assets.git#master":
  version "1.0.0"
  resolved "git+ssh://git@github.com/maileryio/mailery-brand-assets.git#6af1b920de133adb32c652468f3dbf0139337a46"

"@maileryio/mailery-rbac-assets@git+ssh://git@github.com/maileryio/mailery-rbac-assets.git#master":
  version "1.0.0"
  resolved "git+ssh://git@github.com/maileryio/mailery-rbac-assets.git#6e3bf4c14c0e42710065b7faa146472de721b56e"
  dependencies:
    liquor-tree "^0.2.70"
    vue-typeahead "^2.3.2"

"@maileryio/mailery-subscriber-assets@git+ssh://git@github.com/maileryio/mailery-subscriber-assets.git#master":
  version "1.0.0"
  resolved "git+ssh://git@github.com/maileryio/mailery-subscriber-assets.git#774155d59bca58a6b1ddf3ae90bfe470b57b87de"
  dependencies:
    lodash "^4.17.15"
    mime-types "^2.1.27"
    papaparse "^5.2.0"

"@maileryio/mailery-template-email-ckeditor-assets@git+ssh://git@github.com/maileryio/mailery-template-email-ckeditor-assets.git#master":
  version "1.0.0"
  resolved "git+ssh://git@github.com/maileryio/mailery-template-email-ckeditor-assets.git#8354d9f5a6c79c7149f7518e3007ff76faecddea"
  dependencies:
    ckeditor4-vue "^1.1.0"

"@maileryio/widget-link-assets@git+ssh://git@github.com/maileryio/widget-link-assets.git#master":
  version "1.0.6"
  resolved "git+ssh://git@github.com/maileryio/widget-link-assets.git#474858e8d7f28ce6ef1bfd5a3890fefd62f64c60"
  dependencies:
    vue "^2.6.11"

"@maileryio/widget-search-assets@git+ssh://git@github.com/maileryio/widget-search-assets.git#master":
  version "1.0.0"
  resolved "git+ssh://git@github.com/maileryio/widget-search-assets.git#ef776403c5f574613d1acd7f8467e8c17241e853"

"@nuxt/opencollective@^0.3.2":
  version "0.3.2"
  resolved "https://registry.yarnpkg.com/@nuxt/opencollective/-/opencollective-0.3.2.tgz#83cb70cdb2bac5fad6f8c93529e7b11187d49c02"
  integrity sha512-XG7rUdXG9fcafu9KTDIYjJSkRO38EwjlKYIb5TQ/0WDbiTUTtUtgncMscKOYzfsY86kGs05pAuMOR+3Fi0aN3A==
  dependencies:
    chalk "^4.1.0"
    consola "^2.15.0"
    node-fetch "^2.6.1"

ansi-styles@^4.1.0:
  version "4.3.0"
  resolved "https://registry.yarnpkg.com/ansi-styles/-/ansi-styles-4.3.0.tgz#edd803628ae71c04c85ae7a0906edad34b648937"
  integrity sha512-zbB9rCJAT1rbjiVDb2hqKFHNYLxgtk8NURxZ3IZwD3F6NtxbXZQCnnSi1Lkx+IDohdPlFp222wVALIheZJQSEg==
  dependencies:
    color-convert "^2.0.1"

babel-runtime@^6.0.0:
  version "6.26.0"
  resolved "https://registry.yarnpkg.com/babel-runtime/-/babel-runtime-6.26.0.tgz#965c7058668e82b55d7bfe04ff2337bc8b5647fe"
  integrity sha1-llxwWGaOgrVde/4E/yM3vItWR/4=
  dependencies:
    core-js "^2.4.0"
    regenerator-runtime "^0.11.0"

bootstrap-vue@^2.21.2:
  version "2.21.2"
  resolved "https://registry.yarnpkg.com/bootstrap-vue/-/bootstrap-vue-2.21.2.tgz#ec38f66c3a2205becccddb6158a991d96509ed0b"
  integrity sha512-0Exe+4MZysqhZNXIKf4TzkvXaupxh9EHsoCRez0o5Dc0J7rlafayOEwql63qXv74CgZO8E4U8ugRNJko1vMvNw==
  dependencies:
    "@nuxt/opencollective" "^0.3.2"
    bootstrap ">=4.5.3 <5.0.0"
    popper.js "^1.16.1"
    portal-vue "^2.1.7"
    vue-functional-data-merge "^3.1.0"

"bootstrap@>=4.5.3 <5.0.0":
  version "4.6.1"
  resolved "https://registry.yarnpkg.com/bootstrap/-/bootstrap-4.6.1.tgz#bc25380c2c14192374e8dec07cf01b2742d222a2"
  integrity sha512-0dj+VgI9Ecom+rvvpNZ4MUZJz8dcX7WCX+eTID9+/8HgOkv3dsRzi8BGeZJCQU6flWQVYxwTQnEZFrmJSEO7og==

chalk@^4.1.0:
  version "4.1.2"
  resolved "https://registry.yarnpkg.com/chalk/-/chalk-4.1.2.tgz#aac4e2b7734a740867aeb16bf02aad556a1e7a01"
  integrity sha512-oKnbhFyRIXpUuez8iBMmyEa4nbj4IOQyuhc/wy9kY7/WVPcwIO9VA668Pu8RkO7+0G76SLROeyw9CpQ061i4mA==
  dependencies:
    ansi-styles "^4.1.0"
    supports-color "^7.1.0"

ckeditor4-integrations-common@^1.0.0:
  version "1.0.0"
  resolved "https://registry.yarnpkg.com/ckeditor4-integrations-common/-/ckeditor4-integrations-common-1.0.0.tgz#a8afc33b94877b4d01362c7c73aa9eec162b2d20"
  integrity sha512-OAoQT/gYrHkg0qgzf6MS/rndYhq3SScLVQ3rtXQeuCE8ju7nFHg3qZ7WGA2XpFxcZzsMP6hhugXqdel5vbcC3g==

ckeditor4-vue@^1.1.0:
  version "1.5.1"
  resolved "https://registry.yarnpkg.com/ckeditor4-vue/-/ckeditor4-vue-1.5.1.tgz#069dd56f2ac3fbc96fbfaca560c2b5bd74888bf9"
  integrity sha512-2/Ot/MgVyTiXKMAPcxgghb1BodfqiAzNzMUGOB2dyOrFLCmIODbgrnfs+lutExQjBToXSzSJ0Ii3yCcKFpW92Q==
  dependencies:
    ckeditor4-integrations-common "^1.0.0"

color-convert@^2.0.1:
  version "2.0.1"
  resolved "https://registry.yarnpkg.com/color-convert/-/color-convert-2.0.1.tgz#72d3a68d598c9bdb3af2ad1e84f21d896abd4de3"
  integrity sha512-RRECPsj7iu/xb5oKYcsFHSppFNnsj/52OVTRKb4zP5onXwVF3zVmmToNcOfGC+CRDpfK/U584fMg38ZHCaElKQ==
  dependencies:
    color-name "~1.1.4"

color-name@~1.1.4:
  version "1.1.4"
  resolved "https://registry.yarnpkg.com/color-name/-/color-name-1.1.4.tgz#c2a09a87acbde69543de6f63fa3995c826c536a2"
  integrity sha512-dOy+3AuW3a2wNbZHIuMZpTcgjGuLU/uBL/ubcZF9OXbDo8ff4O8yVp5Bf0efS8uEoYo5q4Fx7dY9OgQGXgAsQA==

consola@^2.15.0:
  version "2.15.3"
  resolved "https://registry.yarnpkg.com/consola/-/consola-2.15.3.tgz#2e11f98d6a4be71ff72e0bdf07bd23e12cb61550"
  integrity sha512-9vAdYbHj6x2fLKC4+oPH0kFzY/orMZyG2Aj+kNylHxKGJ/Ed4dpNyAQYwJOdqO4zdM7XpVHmyejQDcQHrnuXbw==

core-js@^2.4.0:
  version "2.6.12"
  resolved "https://registry.yarnpkg.com/core-js/-/core-js-2.6.12.tgz#d9333dfa7b065e347cc5682219d6f690859cc2ec"
  integrity sha512-Kb2wC0fvsWfQrgk8HU5lW6U/Lcs8+9aaYcy4ZFc6DDlo4nZ7n70dEgE5rtR0oG6ufKDUnrwfWL1mXR5ljDatrQ==

has-flag@^4.0.0:
  version "4.0.0"
  resolved "https://registry.yarnpkg.com/has-flag/-/has-flag-4.0.0.tgz#944771fd9c81c81265c4d6941860da06bb59479b"
  integrity sha512-EykJT/Q1KjTWctppgIAgfSO0tKVuZUjhgMr17kqTumMl6Afv3EISleU7qZUzoXDFTAHTDC4NOoG/ZxU3EvlMPQ==

liquor-tree@^0.2.70:
  version "0.2.70"
  resolved "https://registry.yarnpkg.com/liquor-tree/-/liquor-tree-0.2.70.tgz#451ec5a0041994f82f895f1fe47c8cc81a034845"
  integrity sha512-5CiMlDVmuveYwwc27mYe1xZ3J4aHhZBErUhIp9ov4v4wIBso+s5JAByOOit4iOCMCQ5ODd8VggbKymzZREYbBQ==

lodash@^4.17.15:
  version "4.17.21"
  resolved "https://registry.yarnpkg.com/lodash/-/lodash-4.17.21.tgz#679591c564c3bffaae8454cf0b3df370c3d6911c"
  integrity sha512-v2kDEe57lecTulaDIuNTPy3Ry4gLGJ6Z1O3vE1krgXZNrsQ+LFTGHVxVjcXPs17LhbZVGedAJv8XZ1tvj5FvSg==

mime-db@1.52.0:
  version "1.52.0"
  resolved "https://registry.yarnpkg.com/mime-db/-/mime-db-1.52.0.tgz#bbabcdc02859f4987301c856e3387ce5ec43bf70"
  integrity sha512-sPU4uV7dYlvtWJxwwxHD0PuihVNiE7TyAbQ5SWxDCB9mUYvOgroQOwYQQOKPJ8CIbE+1ETVlOoK1UC2nU3gYvg==

mime-types@^2.1.27:
  version "2.1.35"
  resolved "https://registry.yarnpkg.com/mime-types/-/mime-types-2.1.35.tgz#381a871b62a734450660ae3deee44813f70d959a"
  integrity sha512-ZDY+bPm5zTTF+YpCrAU9nK0UgICYPT0QtT1NZWFv4s++TNkcgVaT0g6+4R2uI4MjQjzysHB1zxuWL50hzaeXiw==
  dependencies:
    mime-db "1.52.0"

node-fetch@^2.6.1:
  version "2.6.7"
  resolved "https://registry.yarnpkg.com/node-fetch/-/node-fetch-2.6.7.tgz#24de9fba827e3b4ae44dc8b20256a379160052ad"
  integrity sha512-ZjMPFEfVx5j+y2yF35Kzx5sF7kDzxuDj6ziH4FFbOp87zKDZNx8yExJIb05OGF4Nlt9IHFIMBkRl41VdvcNdbQ==
  dependencies:
    whatwg-url "^5.0.0"

papaparse@^5.2.0:
  version "5.3.2"
  resolved "https://registry.yarnpkg.com/papaparse/-/papaparse-5.3.2.tgz#d1abed498a0ee299f103130a6109720404fbd467"
  integrity sha512-6dNZu0Ki+gyV0eBsFKJhYr+MdQYAzFUGlBMNj3GNrmHxmz1lfRa24CjFObPXtjcetlOv5Ad299MhIK0znp3afw==

popper.js@^1.16.1:
  version "1.16.1"
  resolved "https://registry.yarnpkg.com/popper.js/-/popper.js-1.16.1.tgz#2a223cb3dc7b6213d740e40372be40de43e65b1b"
  integrity sha512-Wb4p1J4zyFTbM+u6WuO4XstYx4Ky9Cewe4DWrel7B0w6VVICvPwdOpotjzcf6eD8TsckVnIMNONQyPIUFOUbCQ==

portal-vue@^2.1.7:
  version "2.1.7"
  resolved "https://registry.yarnpkg.com/portal-vue/-/portal-vue-2.1.7.tgz#ea08069b25b640ca08a5b86f67c612f15f4e4ad4"
  integrity sha512-+yCno2oB3xA7irTt0EU5Ezw22L2J51uKAacE/6hMPMoO/mx3h4rXFkkBkT4GFsMDv/vEe8TNKC3ujJJ0PTwb6g==

regenerator-runtime@^0.11.0:
  version "0.11.1"
  resolved "https://registry.yarnpkg.com/regenerator-runtime/-/regenerator-runtime-0.11.1.tgz#be05ad7f9bf7d22e056f9726cee5017fbf19e2e9"
  integrity sha512-MguG95oij0fC3QV3URf4V2SDYGJhJnJGqvIIgdECeODCT98wSWDAJ94SSuVpYQUoTcGUIL6L4yNB7j1DFFHSBg==

supports-color@^7.1.0:
  version "7.2.0"
  resolved "https://registry.yarnpkg.com/supports-color/-/supports-color-7.2.0.tgz#1b7dcdcb32b8138801b3e478ba6a51caa89648da"
  integrity sha512-qpCAvRl9stuOHveKsn7HncJRvv501qIacKzQlO/+Lwxc9+0q2wLyv4Dfvt80/DPn2pqOBsJdDiogXGR9+OvwRw==
  dependencies:
    has-flag "^4.0.0"

tr46@~0.0.3:
  version "0.0.3"
  resolved "https://registry.yarnpkg.com/tr46/-/tr46-0.0.3.tgz#8184fd347dac9cdc185992f3a6622e14b9d9ab6a"
  integrity sha1-gYT9NH2snNwYWZLzpmIuFLnZq2o=

vue-functional-data-merge@^3.1.0:
  version "3.1.0"
  resolved "https://registry.yarnpkg.com/vue-functional-data-merge/-/vue-functional-data-merge-3.1.0.tgz#08a7797583b7f35680587f8a1d51d729aa1dc657"
  integrity sha512-leT4kdJVQyeZNY1kmnS1xiUlQ9z1B/kdBFCILIjYYQDqZgLqCLa0UhjSSeRX6c3mUe6U5qYeM8LrEqkHJ1B4LA==

vue-typeahead@^2.3.2:
  version "2.3.2"
  resolved "https://registry.yarnpkg.com/vue-typeahead/-/vue-typeahead-2.3.2.tgz#b0c10f1f9f64a2c667bff70a0166908ebd5ac904"
  integrity sha1-sMEPH59kosZnv/cKAWaQjr1ayQQ=
  dependencies:
    babel-runtime "^6.0.0"

vue@^2.6.11:
  version "2.6.14"
  resolved "https://registry.yarnpkg.com/vue/-/vue-2.6.14.tgz#e51aa5250250d569a3fbad3a8a5a687d6036e235"
  integrity sha512-x2284lgYvjOMj3Za7kqzRcUSxBboHqtgRE2zlos1qWaOye5yUmHn42LB1250NJBLRwEcdrB0JRwyPTEPhfQjiQ==

vuex@^3.1.2:
  version "3.6.2"
  resolved "https://registry.yarnpkg.com/vuex/-/vuex-3.6.2.tgz#236bc086a870c3ae79946f107f16de59d5895e71"
  integrity sha512-ETW44IqCgBpVomy520DT5jf8n0zoCac+sxWnn+hMe/CzaSejb/eVw2YToiXYX+Ex/AuHHia28vWTq4goAexFbw==

webidl-conversions@^3.0.0:
  version "3.0.1"
  resolved "https://registry.yarnpkg.com/webidl-conversions/-/webidl-conversions-3.0.1.tgz#24534275e2a7bc6be7bc86611cc16ae0a5654871"
  integrity sha1-JFNCdeKnvGvnvIZhHMFq4KVlSHE=

whatwg-url@^5.0.0:
  version "5.0.0"
  resolved "https://registry.yarnpkg.com/whatwg-url/-/whatwg-url-5.0.0.tgz#966454e8765462e37644d3626f6742ce8b70965d"
  integrity sha1-lmRU6HZUYuN2RNNib2dCzotwll0=
  dependencies:
    tr46 "~0.0.3"
    webidl-conversions "^3.0.0"
