# THIS IS AN AUTOGENERATED FILE. DO NOT EDIT THIS FILE DIRECTLY.
# yarn lockfile v1


"@babel/parser@^7.18.4":
  version "7.18.6"
  resolved "https://registry.yarnpkg.com/@babel/parser/-/parser-7.18.6.tgz#845338edecad65ebffef058d3be851f1d28a63bc"
  integrity sha512-uQVSa9jJUe/G/304lXspfWVpKpK4euFLgGiMQFOCpM/bgcAdeoHwi/OQz23O9GK2osz26ZiXRRV9aV+Yl1O8tw==

"@composer-asset/maileryio--mailery-activity-log@file:./vendor/foxy/composer-asset/maileryio/mailery-activity-log":
  version "1.0.0"

"@composer-asset/maileryio--mailery-brand@file:./vendor/foxy/composer-asset/maileryio/mailery-brand":
  version "1.0.0"
  dependencies:
    "@maileryio/mailery-brand-assets" "git+ssh://git@github.com/maileryio/mailery-brand-assets.git#master"

"@composer-asset/maileryio--mailery-campaign-standard@file:./vendor/foxy/composer-asset/maileryio/mailery-campaign-standard":
  version "1.0.0"

"@composer-asset/maileryio--mailery-campaign@file:./vendor/foxy/composer-asset/maileryio/mailery-campaign":
  version "1.0.0"
  dependencies:
    "@maileryio/mailery-campaign-assets" "git+ssh://git@github.com/maileryio/mailery-campaign-assets.git#master"

"@composer-asset/maileryio--mailery-channel-amazon-ses@file:./vendor/foxy/composer-asset/maileryio/mailery-channel-amazon-ses":
  version "1.0.0"

"@composer-asset/maileryio--mailery-channel-smtp@file:./vendor/foxy/composer-asset/maileryio/mailery-channel-smtp":
  version "1.0.0"

"@composer-asset/maileryio--mailery-channel@file:./vendor/foxy/composer-asset/maileryio/mailery-channel":
  version "1.0.0"

"@composer-asset/maileryio--mailery-dashboard@file:./vendor/foxy/composer-asset/maileryio/mailery-dashboard":
  version "1.0.0"

"@composer-asset/maileryio--mailery-icon-material@file:./vendor/foxy/composer-asset/maileryio/mailery-icon-material":
  version "1.0.0"

"@composer-asset/maileryio--mailery-icon@file:./vendor/foxy/composer-asset/maileryio/mailery-icon":
  version "1.0.0"

"@composer-asset/maileryio--mailery-menu-navbar@file:./vendor/foxy/composer-asset/maileryio/mailery-menu-navbar":
  version "1.0.0"

"@composer-asset/maileryio--mailery-menu-sidebar@file:./vendor/foxy/composer-asset/maileryio/mailery-menu-sidebar":
  version "1.0.0"

"@composer-asset/maileryio--mailery-menu@file:./vendor/foxy/composer-asset/maileryio/mailery-menu":
  version "1.0.0"

"@composer-asset/maileryio--mailery-queue@file:./vendor/foxy/composer-asset/maileryio/mailery-queue":
  version "1.0.0"

"@composer-asset/maileryio--mailery-rbac@file:./vendor/foxy/composer-asset/maileryio/mailery-rbac":
  version "1.0.0"
  dependencies:
    "@maileryio/mailery-rbac-assets" "git+ssh://git@github.com/maileryio/mailery-rbac-assets.git#master"

"@composer-asset/maileryio--mailery-sender-domain@file:./vendor/foxy/composer-asset/maileryio/mailery-sender-domain":
  version "1.0.0"

"@composer-asset/maileryio--mailery-sender-email@file:./vendor/foxy/composer-asset/maileryio/mailery-sender-email":
  version "1.0.0"

"@composer-asset/maileryio--mailery-sender@file:./vendor/foxy/composer-asset/maileryio/mailery-sender":
  version "1.0.0"

"@composer-asset/maileryio--mailery-setting@file:./vendor/foxy/composer-asset/maileryio/mailery-setting":
  version "1.0.0"

"@composer-asset/maileryio--mailery-storage@file:./vendor/foxy/composer-asset/maileryio/mailery-storage":
  version "1.0.0"

"@composer-asset/maileryio--mailery-subscriber@file:./vendor/foxy/composer-asset/maileryio/mailery-subscriber":
  version "1.0.0"
  dependencies:
    "@maileryio/mailery-subscriber-assets" "git+ssh://git@github.com/maileryio/mailery-subscriber-assets.git#master"

"@composer-asset/maileryio--mailery-template-email-ckeditor@file:./vendor/foxy/composer-asset/maileryio/mailery-template-email-ckeditor":
  version "1.0.0"
  dependencies:
    "@maileryio/mailery-template-email-ckeditor-assets" "git+ssh://git@github.com/maileryio/mailery-template-email-ckeditor-assets.git#master"

"@composer-asset/maileryio--mailery-template-email@file:./vendor/foxy/composer-asset/maileryio/mailery-template-email":
  version "1.0.0"

"@composer-asset/maileryio--mailery-template@file:./vendor/foxy/composer-asset/maileryio/mailery-template":
  version "1.0.0"

"@composer-asset/maileryio--mailery-user@file:./vendor/foxy/composer-asset/maileryio/mailery-user":
  version "1.0.0"

"@composer-asset/maileryio--mailery-web@file:./vendor/foxy/composer-asset/maileryio/mailery-web":
  version "1.0.0"
  dependencies:
    "@maileryio/mailery-assets" "git+ssh://git@github.com/maileryio/mailery-assets.git#master"

"@composer-asset/maileryio--widget-dataview@file:./vendor/foxy/composer-asset/maileryio/widget-dataview":
  version "1.0.0"

"@composer-asset/maileryio--widget-datepicker@file:./vendor/foxy/composer-asset/maileryio/widget-datepicker":
  version "1.0.0"
  dependencies:
    "@maileryio/widget-datepicker-assets" "git+ssh://git@github.com/maileryio/widget-datepicker-assets.git#master"

"@composer-asset/maileryio--widget-link@file:./vendor/foxy/composer-asset/maileryio/widget-link":
  version "1.0.0"
  dependencies:
    "@maileryio/widget-link-assets" "git+ssh://git@github.com/maileryio/widget-link-assets.git#master"

"@composer-asset/maileryio--widget-search@file:./vendor/foxy/composer-asset/maileryio/widget-search":
  version "1.0.0"
  dependencies:
    "@maileryio/widget-search-assets" "git+ssh://git@github.com/maileryio/widget-search-assets.git#master"

"@composer-asset/maileryio--widget-select@file:./vendor/foxy/composer-asset/maileryio/widget-select":
  version "1.0.0"
  dependencies:
    "@maileryio/widget-select-assets" "git+ssh://git@github.com/maileryio/widget-select-assets.git#master"

"@composer-asset/maileryio--widget-typeahead@file:./vendor/foxy/composer-asset/maileryio/widget-typeahead":
  version "1.0.0"
  dependencies:
    "@maileryio/widget-typeahead-assets" "git+ssh://git@github.com/maileryio/widget-typeahead-assets.git#master"

"@maileryio/mailery-assets@git+ssh://git@github.com/maileryio/mailery-assets.git#master":
  version "1.0.2"
  resolved "git+ssh://git@github.com/maileryio/mailery-assets.git#7a8f69f5670f220b03baa098bcee5c0fb5b0cc03"
  dependencies:
    bootstrap-vue "^2.21.2"
    vue "^2.6.11"
    vuex "^3.1.2"

"@maileryio/mailery-brand-assets@git+ssh://git@github.com/maileryio/mailery-brand-assets.git#master":
  version "1.0.0"
  resolved "git+ssh://git@github.com/maileryio/mailery-brand-assets.git#0b4e35d694be2869f6f5e675fae3f405e717fd14"

"@maileryio/mailery-campaign-assets@git+ssh://git@github.com/maileryio/mailery-campaign-assets.git#master":
  version "1.0.0"
  resolved "git+ssh://git@github.com/maileryio/mailery-campaign-assets.git#1b89440bc39f5394204e18d8c37be15cf9421ff0"
  dependencies:
    moment-timezone "^0.5.34"

"@maileryio/mailery-rbac-assets@git+ssh://git@github.com/maileryio/mailery-rbac-assets.git#master":
  version "1.0.0"
  resolved "git+ssh://git@github.com/maileryio/mailery-rbac-assets.git#294fca18cc0e7e47a13a86997b71e4e2c7f5e20a"
  dependencies:
    liquor-tree "^0.2.70"
    vue-typeahead "^2.3.2"

"@maileryio/mailery-subscriber-assets@git+ssh://git@github.com/maileryio/mailery-subscriber-assets.git#master":
  version "1.0.0"
  resolved "git+ssh://git@github.com/maileryio/mailery-subscriber-assets.git#ecfeaaafe11c9300916efd61b3d721cbcb39ae79"
  dependencies:
    lodash "^4.17.15"
    mime-types "^2.1.27"
    papaparse "^5.2.0"

"@maileryio/mailery-template-email-ckeditor-assets@git+ssh://git@github.com/maileryio/mailery-template-email-ckeditor-assets.git#master":
  version "1.0.0"
  resolved "git+ssh://git@github.com/maileryio/mailery-template-email-ckeditor-assets.git#8354d9f5a6c79c7149f7518e3007ff76faecddea"
  dependencies:
    ckeditor4-vue "^1.1.0"

"@maileryio/widget-datepicker-assets@git+ssh://git@github.com/maileryio/widget-datepicker-assets.git#master":
  version "1.0.0"
  resolved "git+ssh://git@github.com/maileryio/widget-datepicker-assets.git#aa54fcfc779fc1138151a0be728cc988a97046dd"
  dependencies:
    vue2-datepicker "^3.11.0"

"@maileryio/widget-link-assets@git+ssh://git@github.com/maileryio/widget-link-assets.git#master":
  version "1.0.6"
  resolved "git+ssh://git@github.com/maileryio/widget-link-assets.git#050ad999341d29458824f7683f10fa90ea1647ec"
  dependencies:
    vue "^2.6.11"

"@maileryio/widget-search-assets@git+ssh://git@github.com/maileryio/widget-search-assets.git#master":
  version "1.0.0"
  resolved "git+ssh://git@github.com/maileryio/widget-search-assets.git#ef776403c5f574613d1acd7f8467e8c17241e853"

"@maileryio/widget-select-assets@git+ssh://git@github.com/maileryio/widget-select-assets.git#master":
  version "1.0.0"
  resolved "git+ssh://git@github.com/maileryio/widget-select-assets.git#fcab83223ea6b16f0f988b1979cba78d64f0ec37"
  dependencies:
    lodash "^4.17.15"
    vue-select "^3.18.3"

"@maileryio/widget-typeahead-assets@git+ssh://git@github.com/maileryio/widget-typeahead-assets.git#master":
  version "1.0.0"
  resolved "git+ssh://git@github.com/maileryio/widget-typeahead-assets.git#c48ca11572df6b043e3049abad2a250d7123eb24"

"@nuxt/opencollective@^0.3.2":
  version "0.3.3"
  resolved "https://registry.yarnpkg.com/@nuxt/opencollective/-/opencollective-0.3.3.tgz#80ff0eb8f6fca1d0ed5a089b9688f41bff2dd8ab"
  integrity sha512-6IKCd+gP0HliixqZT/p8nW3tucD6Sv/u/eR2A9X4rxT/6hXlMzA4GZQzq4d2qnBAwSwGpmKyzkyTjNjrhaA25A==
  dependencies:
    chalk "^4.1.0"
    consola "^2.15.0"
    node-fetch "^2.6.7"

"@vue/compiler-sfc@2.7.3":
  version "2.7.3"
  resolved "https://registry.yarnpkg.com/@vue/compiler-sfc/-/compiler-sfc-2.7.3.tgz#6179ed9787e10c270563e0c1b440955bf9dd8342"
  integrity sha512-/9SO6KeR1ljo+j4Tdkl9zsFG2yY4NQ9p3GKdPVCU99bmkNkTW8g9Tq8SMEvhOfo+RhBC0PdDAOmibl+N37f5YA==
  dependencies:
    "@babel/parser" "^7.18.4"
    postcss "^8.4.14"
    source-map "^0.6.1"

ansi-styles@^4.1.0:
  version "4.3.0"
  resolved "https://registry.yarnpkg.com/ansi-styles/-/ansi-styles-4.3.0.tgz#edd803628ae71c04c85ae7a0906edad34b648937"
  integrity sha512-zbB9rCJAT1rbjiVDb2hqKFHNYLxgtk8NURxZ3IZwD3F6NtxbXZQCnnSi1Lkx+IDohdPlFp222wVALIheZJQSEg==
  dependencies:
    color-convert "^2.0.1"

babel-runtime@^6.0.0:
  version "6.26.0"
  resolved "https://registry.yarnpkg.com/babel-runtime/-/babel-runtime-6.26.0.tgz#965c7058668e82b55d7bfe04ff2337bc8b5647fe"
  integrity sha512-ITKNuq2wKlW1fJg9sSW52eepoYgZBggvOAHC0u/CYu/qxQ9EVzThCgR69BnSXLHjy2f7SY5zaQ4yt7H9ZVxY2g==
  dependencies:
    core-js "^2.4.0"
    regenerator-runtime "^0.11.0"

bootstrap-vue@^2.21.2:
  version "2.22.0"
  resolved "https://registry.yarnpkg.com/bootstrap-vue/-/bootstrap-vue-2.22.0.tgz#2b3d7926d24af0bd289ddce7ba76b07000aab3e5"
  integrity sha512-denjR/ae0K7Jrcqud3TrZWw0p/crtyigeGUNunWQ4t+KFi+7rzJ6j6lx1W5/gpUtSSUgNbWrXcHH4lIWXzXOOQ==
  dependencies:
    "@nuxt/opencollective" "^0.3.2"
    bootstrap "^4.6.1"
    popper.js "^1.16.1"
    portal-vue "^2.1.7"
    vue-functional-data-merge "^3.1.0"

bootstrap@^4.6.1:
  version "4.6.1"
  resolved "https://registry.yarnpkg.com/bootstrap/-/bootstrap-4.6.1.tgz#bc25380c2c14192374e8dec07cf01b2742d222a2"
  integrity sha512-0dj+VgI9Ecom+rvvpNZ4MUZJz8dcX7WCX+eTID9+/8HgOkv3dsRzi8BGeZJCQU6flWQVYxwTQnEZFrmJSEO7og==

chalk@^4.1.0:
  version "4.1.2"
  resolved "https://registry.yarnpkg.com/chalk/-/chalk-4.1.2.tgz#aac4e2b7734a740867aeb16bf02aad556a1e7a01"
  integrity sha512-oKnbhFyRIXpUuez8iBMmyEa4nbj4IOQyuhc/wy9kY7/WVPcwIO9VA668Pu8RkO7+0G76SLROeyw9CpQ061i4mA==
  dependencies:
    ansi-styles "^4.1.0"
    supports-color "^7.1.0"

ckeditor4-integrations-common@^1.0.0:
  version "1.0.0"
  resolved "https://registry.yarnpkg.com/ckeditor4-integrations-common/-/ckeditor4-integrations-common-1.0.0.tgz#a8afc33b94877b4d01362c7c73aa9eec162b2d20"
  integrity sha512-OAoQT/gYrHkg0qgzf6MS/rndYhq3SScLVQ3rtXQeuCE8ju7nFHg3qZ7WGA2XpFxcZzsMP6hhugXqdel5vbcC3g==

ckeditor4-vue@^1.1.0:
  version "1.5.1"
  resolved "https://registry.yarnpkg.com/ckeditor4-vue/-/ckeditor4-vue-1.5.1.tgz#069dd56f2ac3fbc96fbfaca560c2b5bd74888bf9"
  integrity sha512-2/Ot/MgVyTiXKMAPcxgghb1BodfqiAzNzMUGOB2dyOrFLCmIODbgrnfs+lutExQjBToXSzSJ0Ii3yCcKFpW92Q==
  dependencies:
    ckeditor4-integrations-common "^1.0.0"

color-convert@^2.0.1:
  version "2.0.1"
  resolved "https://registry.yarnpkg.com/color-convert/-/color-convert-2.0.1.tgz#72d3a68d598c9bdb3af2ad1e84f21d896abd4de3"
  integrity sha512-RRECPsj7iu/xb5oKYcsFHSppFNnsj/52OVTRKb4zP5onXwVF3zVmmToNcOfGC+CRDpfK/U584fMg38ZHCaElKQ==
  dependencies:
    color-name "~1.1.4"

color-name@~1.1.4:
  version "1.1.4"
  resolved "https://registry.yarnpkg.com/color-name/-/color-name-1.1.4.tgz#c2a09a87acbde69543de6f63fa3995c826c536a2"
  integrity sha512-dOy+3AuW3a2wNbZHIuMZpTcgjGuLU/uBL/ubcZF9OXbDo8ff4O8yVp5Bf0efS8uEoYo5q4Fx7dY9OgQGXgAsQA==

consola@^2.15.0:
  version "2.15.3"
  resolved "https://registry.yarnpkg.com/consola/-/consola-2.15.3.tgz#2e11f98d6a4be71ff72e0bdf07bd23e12cb61550"
  integrity sha512-9vAdYbHj6x2fLKC4+oPH0kFzY/orMZyG2Aj+kNylHxKGJ/Ed4dpNyAQYwJOdqO4zdM7XpVHmyejQDcQHrnuXbw==

core-js@^2.4.0:
  version "2.6.12"
  resolved "https://registry.yarnpkg.com/core-js/-/core-js-2.6.12.tgz#d9333dfa7b065e347cc5682219d6f690859cc2ec"
  integrity sha512-Kb2wC0fvsWfQrgk8HU5lW6U/Lcs8+9aaYcy4ZFc6DDlo4nZ7n70dEgE5rtR0oG6ufKDUnrwfWL1mXR5ljDatrQ==

csstype@^3.1.0:
  version "3.1.0"
  resolved "https://registry.yarnpkg.com/csstype/-/csstype-3.1.0.tgz#4ddcac3718d787cf9df0d1b7d15033925c8f29f2"
  integrity sha512-uX1KG+x9h5hIJsaKR9xHUeUraxf8IODOwq9JLNPq6BwB04a/xgpq3rcx47l5BZu5zBPlgD342tdke3Hom/nJRA==

date-format-parse@^0.2.7:
  version "0.2.7"
  resolved "https://registry.yarnpkg.com/date-format-parse/-/date-format-parse-0.2.7.tgz#a2f78bca857a821785b48abedd4426c65aa7b918"
  integrity sha512-/+lyMUKoRogMuTeOVii6lUwjbVlesN9YRYLzZT/g3TEZ3uD9QnpjResujeEqUW+OSNbT7T1+SYdyEkTcRv+KDQ==

has-flag@^4.0.0:
  version "4.0.0"
  resolved "https://registry.yarnpkg.com/has-flag/-/has-flag-4.0.0.tgz#944771fd9c81c81265c4d6941860da06bb59479b"
  integrity sha512-EykJT/Q1KjTWctppgIAgfSO0tKVuZUjhgMr17kqTumMl6Afv3EISleU7qZUzoXDFTAHTDC4NOoG/ZxU3EvlMPQ==

liquor-tree@^0.2.70:
  version "0.2.70"
  resolved "https://registry.yarnpkg.com/liquor-tree/-/liquor-tree-0.2.70.tgz#451ec5a0041994f82f895f1fe47c8cc81a034845"
  integrity sha512-5CiMlDVmuveYwwc27mYe1xZ3J4aHhZBErUhIp9ov4v4wIBso+s5JAByOOit4iOCMCQ5ODd8VggbKymzZREYbBQ==

lodash@^4.17.15:
  version "4.17.21"
  resolved "https://registry.yarnpkg.com/lodash/-/lodash-4.17.21.tgz#679591c564c3bffaae8454cf0b3df370c3d6911c"
  integrity sha512-v2kDEe57lecTulaDIuNTPy3Ry4gLGJ6Z1O3vE1krgXZNrsQ+LFTGHVxVjcXPs17LhbZVGedAJv8XZ1tvj5FvSg==

mime-db@1.52.0:
  version "1.52.0"
  resolved "https://registry.yarnpkg.com/mime-db/-/mime-db-1.52.0.tgz#bbabcdc02859f4987301c856e3387ce5ec43bf70"
  integrity sha512-sPU4uV7dYlvtWJxwwxHD0PuihVNiE7TyAbQ5SWxDCB9mUYvOgroQOwYQQOKPJ8CIbE+1ETVlOoK1UC2nU3gYvg==

mime-types@^2.1.27:
  version "2.1.35"
  resolved "https://registry.yarnpkg.com/mime-types/-/mime-types-2.1.35.tgz#381a871b62a734450660ae3deee44813f70d959a"
  integrity sha512-ZDY+bPm5zTTF+YpCrAU9nK0UgICYPT0QtT1NZWFv4s++TNkcgVaT0g6+4R2uI4MjQjzysHB1zxuWL50hzaeXiw==
  dependencies:
    mime-db "1.52.0"

moment-timezone@^0.5.34:
  version "0.5.34"
  resolved "https://registry.yarnpkg.com/moment-timezone/-/moment-timezone-0.5.34.tgz#a75938f7476b88f155d3504a9343f7519d9a405c"
  integrity sha512-3zAEHh2hKUs3EXLESx/wsgw6IQdusOT8Bxm3D9UrHPQR7zlMmzwybC8zHEM1tQ4LJwP7fcxrWr8tuBg05fFCbg==
  dependencies:
    moment ">= 2.9.0"

"moment@>= 2.9.0":
  version "2.29.4"
  resolved "https://registry.yarnpkg.com/moment/-/moment-2.29.4.tgz#3dbe052889fe7c1b2ed966fcb3a77328964ef108"
  integrity sha512-5LC9SOxjSc2HF6vO2CyuTDNivEdoz2IvyJJGj6X8DJ0eFyfszE0QiEd+iXmBvUP3WHxSjFH/vIsA0EN00cgr8w==

nanoid@^3.3.4:
  version "3.3.4"
  resolved "https://registry.yarnpkg.com/nanoid/-/nanoid-3.3.4.tgz#730b67e3cd09e2deacf03c027c81c9d9dbc5e8ab"
  integrity sha512-MqBkQh/OHTS2egovRtLk45wEyNXwF+cokD+1YPf9u5VfJiRdAiRwB2froX5Co9Rh20xs4siNPm8naNotSD6RBw==

node-fetch@^2.6.7:
  version "2.6.7"
  resolved "https://registry.yarnpkg.com/node-fetch/-/node-fetch-2.6.7.tgz#24de9fba827e3b4ae44dc8b20256a379160052ad"
  integrity sha512-ZjMPFEfVx5j+y2yF35Kzx5sF7kDzxuDj6ziH4FFbOp87zKDZNx8yExJIb05OGF4Nlt9IHFIMBkRl41VdvcNdbQ==
  dependencies:
    whatwg-url "^5.0.0"

papaparse@^5.2.0:
  version "5.3.2"
  resolved "https://registry.yarnpkg.com/papaparse/-/papaparse-5.3.2.tgz#d1abed498a0ee299f103130a6109720404fbd467"
  integrity sha512-6dNZu0Ki+gyV0eBsFKJhYr+MdQYAzFUGlBMNj3GNrmHxmz1lfRa24CjFObPXtjcetlOv5Ad299MhIK0znp3afw==

picocolors@^1.0.0:
  version "1.0.0"
  resolved "https://registry.yarnpkg.com/picocolors/-/picocolors-1.0.0.tgz#cb5bdc74ff3f51892236eaf79d68bc44564ab81c"
  integrity sha512-1fygroTLlHu66zi26VoTDv8yRgm0Fccecssto+MhsZ0D/DGW2sm8E8AjW7NU5VVTRt5GxbeZ5qBuJr+HyLYkjQ==

popper.js@^1.16.1:
  version "1.16.1"
  resolved "https://registry.yarnpkg.com/popper.js/-/popper.js-1.16.1.tgz#2a223cb3dc7b6213d740e40372be40de43e65b1b"
  integrity sha512-Wb4p1J4zyFTbM+u6WuO4XstYx4Ky9Cewe4DWrel7B0w6VVICvPwdOpotjzcf6eD8TsckVnIMNONQyPIUFOUbCQ==

portal-vue@^2.1.7:
  version "2.1.7"
  resolved "https://registry.yarnpkg.com/portal-vue/-/portal-vue-2.1.7.tgz#ea08069b25b640ca08a5b86f67c612f15f4e4ad4"
  integrity sha512-+yCno2oB3xA7irTt0EU5Ezw22L2J51uKAacE/6hMPMoO/mx3h4rXFkkBkT4GFsMDv/vEe8TNKC3ujJJ0PTwb6g==

postcss@^8.4.14:
  version "8.4.14"
  resolved "https://registry.yarnpkg.com/postcss/-/postcss-8.4.14.tgz#ee9274d5622b4858c1007a74d76e42e56fd21caf"
  integrity sha512-E398TUmfAYFPBSdzgeieK2Y1+1cpdxJx8yXbK/m57nRhKSmk1GB2tO4lbLBtlkfPQTDKfe4Xqv1ASWPpayPEig==
  dependencies:
    nanoid "^3.3.4"
    picocolors "^1.0.0"
    source-map-js "^1.0.2"

regenerator-runtime@^0.11.0:
  version "0.11.1"
  resolved "https://registry.yarnpkg.com/regenerator-runtime/-/regenerator-runtime-0.11.1.tgz#be05ad7f9bf7d22e056f9726cee5017fbf19e2e9"
  integrity sha512-MguG95oij0fC3QV3URf4V2SDYGJhJnJGqvIIgdECeODCT98wSWDAJ94SSuVpYQUoTcGUIL6L4yNB7j1DFFHSBg==

source-map-js@^1.0.2:
  version "1.0.2"
  resolved "https://registry.yarnpkg.com/source-map-js/-/source-map-js-1.0.2.tgz#adbc361d9c62df380125e7f161f71c826f1e490c"
  integrity sha512-R0XvVJ9WusLiqTCEiGCmICCMplcCkIwwR11mOSD9CR5u+IXYdiseeEuXCVAjS54zqwkLcPNnmU4OeJ6tUrWhDw==

source-map@^0.6.1:
  version "0.6.1"
  resolved "https://registry.yarnpkg.com/source-map/-/source-map-0.6.1.tgz#74722af32e9614e9c287a8d0bbde48b5e2f1a263"
  integrity sha512-UjgapumWlbMhkBgzT7Ykc5YXUT46F0iKu8SGXq0bcwP5dz/h0Plj6enJqjz1Zbq2l5WaqYnrVbwWOWMyF3F47g==

supports-color@^7.1.0:
  version "7.2.0"
  resolved "https://registry.yarnpkg.com/supports-color/-/supports-color-7.2.0.tgz#1b7dcdcb32b8138801b3e478ba6a51caa89648da"
  integrity sha512-qpCAvRl9stuOHveKsn7HncJRvv501qIacKzQlO/+Lwxc9+0q2wLyv4Dfvt80/DPn2pqOBsJdDiogXGR9+OvwRw==
  dependencies:
    has-flag "^4.0.0"

tr46@~0.0.3:
  version "0.0.3"
  resolved "https://registry.yarnpkg.com/tr46/-/tr46-0.0.3.tgz#8184fd347dac9cdc185992f3a6622e14b9d9ab6a"
  integrity sha512-N3WMsuqV66lT30CrXNbEjx4GEwlow3v6rr4mCcv6prnfwhS01rkgyFdjPNBYd9br7LpXV1+Emh01fHnq2Gdgrw==

vue-functional-data-merge@^3.1.0:
  version "3.1.0"
  resolved "https://registry.yarnpkg.com/vue-functional-data-merge/-/vue-functional-data-merge-3.1.0.tgz#08a7797583b7f35680587f8a1d51d729aa1dc657"
  integrity sha512-leT4kdJVQyeZNY1kmnS1xiUlQ9z1B/kdBFCILIjYYQDqZgLqCLa0UhjSSeRX6c3mUe6U5qYeM8LrEqkHJ1B4LA==

vue-select@^3.18.3:
  version "3.18.3"
  resolved "https://registry.yarnpkg.com/vue-select/-/vue-select-3.18.3.tgz#31f188d7181a4a86d07b937303c457efe863c4bc"
  integrity sha512-nKmwxEDO4RRoZ6lWkkVE2bpgne7IJSRzSh1pIawLI7dJLZbtJuSgA0xGaLrT0pUp+JYHBDul242PwOBDHi28vg==

vue-typeahead@^2.3.2:
  version "2.3.2"
  resolved "https://registry.yarnpkg.com/vue-typeahead/-/vue-typeahead-2.3.2.tgz#b0c10f1f9f64a2c667bff70a0166908ebd5ac904"
  integrity sha512-20LwBPhiBjP+5R4l6MJoIP1DboCiZZWh8TgNfI6mOcdCP1iwpxi1K6gWOnSqLp0oqj/7uuZNhEc/fExV2rb16Q==
  dependencies:
    babel-runtime "^6.0.0"

vue2-datepicker@^3.11.0:
  version "3.11.0"
  resolved "https://registry.yarnpkg.com/vue2-datepicker/-/vue2-datepicker-3.11.0.tgz#a9436f94bbb7ed6dbc44f8246b75b364cc91d553"
  integrity sha512-zbMkAjYwDTXZozZtkpSwqxq7nEeBt7zoHL+oQcdjEXAqzJHhmatE6sl6JSr58PMIx2WOK0c6QBXozSqT32iQAQ==
  dependencies:
    date-format-parse "^0.2.7"

vue@^2.6.11:
  version "2.7.3"
  resolved "https://registry.yarnpkg.com/vue/-/vue-2.7.3.tgz#33015b7df481a515d625a2ea20fe01d981085cb7"
  integrity sha512-7MTirXG7LYJi3r2jeYy7EiXIhEE85uP3kBwSxqwDsvIfy/l7+qR4U6ajw8ji1KoP+wYYg7ZY28TBTf3P3Fa4Nw==
  dependencies:
    "@vue/compiler-sfc" "2.7.3"
    csstype "^3.1.0"

vuex@^3.1.2:
  version "3.6.2"
  resolved "https://registry.yarnpkg.com/vuex/-/vuex-3.6.2.tgz#236bc086a870c3ae79946f107f16de59d5895e71"
  integrity sha512-ETW44IqCgBpVomy520DT5jf8n0zoCac+sxWnn+hMe/CzaSejb/eVw2YToiXYX+Ex/AuHHia28vWTq4goAexFbw==

webidl-conversions@^3.0.0:
  version "3.0.1"
  resolved "https://registry.yarnpkg.com/webidl-conversions/-/webidl-conversions-3.0.1.tgz#24534275e2a7bc6be7bc86611cc16ae0a5654871"
  integrity sha512-2JAn3z8AR6rjK8Sm8orRC0h/bcl/DqL7tRPdGZ4I1CjdF+EaMLmYxBHyXuKL849eucPFhvBoxMsflfOb8kxaeQ==

whatwg-url@^5.0.0:
  version "5.0.0"
  resolved "https://registry.yarnpkg.com/whatwg-url/-/whatwg-url-5.0.0.tgz#966454e8765462e37644d3626f6742ce8b70965d"
  integrity sha512-saE57nupxk6v3HY35+jzBwYa0rKSy0XR8JSxZPwgLr7ys0IBzhGviA1/TUGJLmSVqs8pb9AnvICXEuOHLprYTw==
  dependencies:
    tr46 "~0.0.3"
    webidl-conversions "^3.0.0"
