# THIS IS AN AUTOGENERATED FILE. DO NOT EDIT THIS FILE DIRECTLY.
# yarn lockfile v1


"@maileryio/mailery-backend-assets@^1.0.0":
  version "1.0.2"
  resolved "https://registry.yarnpkg.com/@maileryio/mailery-backend-assets/-/mailery-backend-assets-1.0.2.tgz#9d349755b62a3da57bc1620b5a2d1bcd5da6a8a8"
  integrity sha512-ck028EdUPlZ4vsyxxpOB5ylIa5rEHriL+dQdW+avF2VE/y0F/v4CdOpcPKImcQm6XFd6fCuqd6rQ0ptpw/Vt+w==
  dependencies:
    vue "^2.6.11"
    vuex "^3.1.2"

vue@^2.6.11:
  version "2.6.11"
  resolved "https://registry.yarnpkg.com/vue/-/vue-2.6.11.tgz#76594d877d4b12234406e84e35275c6d514125c5"
  integrity sha512-VfPwgcGABbGAue9+sfrD4PuwFar7gPb1yl1UK1MwXoQPAw0BKSqWfoYCT/ThFrdEVWoI51dBuyCoiNU9bZDZxQ==

vuex@^3.1.2:
  version "3.1.2"
  resolved "https://registry.yarnpkg.com/vuex/-/vuex-3.1.2.tgz#a2863f4005aa73f2587e55c3fadf3f01f69c7d4d"
  integrity sha512-ha3jNLJqNhhrAemDXcmMJMKf1Zu4sybMPr9KxJIuOpVcsDQlTBYLLladav2U+g1AvdYDG5Gs0xBTb0M5pXXYFQ==
